PODS:
  - Alamofire (4.2.0)
  - Cent (6.0.3):
    - Dollar (~> 6.1.0)
  - Dollar (6.1.0)
  - FlowingMenu (2.0.1)
  - MBProgressHUD (1.0.0)
  - Reachability (3.2)

DEPENDENCIES:
  - Alamofire
  - Cent
  - FlowingMenu
  - MBProgressHUD
  - Reachability

SPEC CHECKSUMS:
  Alamofire: aa2e09d871c9160ac53c90e83c68064a94e3dfbe
  Cent: 2e2deb7ced0fc6c4c320075ddd4f63ed8defd8db
  Dollar: 0a9883680f2c1104adf0d19b827c3be71d3e3121
  FlowingMenu: '097789ea7fcec5c94edd58765e00e27b31e62cf5'
  MBProgressHUD: 4890f671c94e8a0f3cf959aa731e9de2f036d71a
  Reachability: 33e18b67625424e47b6cde6d202dce689ad7af96

PODFILE CHECKSUM: 972a6af8a80bcc207c84ce3d9ac6d2ac5322de57

COCOAPODS: 1.2.0.beta.1
